
Microsoft Visual Studio Solution File, Format Version 12.00
# Visual Studio Version 16
VisualStudioVersion = 16.0.30621.155
MinimumVisualStudioVersion = 10.0.40219.1
Project("{9A19103F-16F7-4668-BE54-9A1E7A4F7556}") = "Variaveis", "Variaveis\Variaveis.csproj", "{39FC0465-5C69-40B8-9120-BD13FE855F01}"
EndProject
Project("{9A19103F-16F7-4668-BE54-9A1E7A4F7556}") = "LoopsDeRepeticao", "LoopsDeRepeticao\LoopsDeRepeticao.csproj", "{367A1F2F-2C82-4546-AE57-D1FC55B2599F}"
EndProject
Project("{FAE04EC0-301F-11D3-BF4B-00C04F79EFBC}") = "OrientacaoObjetos", "OrientacaoObjetos\OrientacaoObjetos.csproj", "{08D72F59-211B-4AD3-A13F-44CC5F728B7A}"
EndProject
Global
	GlobalSection(SolutionConfigurationPlatforms) = preSolution
		Debug|Any CPU = Debug|Any CPU
		Release|Any CPU = Release|Any CPU
	EndGlobalSection
	GlobalSection(ProjectConfigurationPlatforms) = postSolution
		{39FC0465-5C69-40B8-9120-BD13FE855F01}.Debug|Any CPU.ActiveCfg = Debug|Any CPU
		{39FC0465-5C69-40B8-9120-BD13FE855F01}.Debug|Any CPU.Build.0 = Debug|Any CPU
		{39FC0465-5C69-40B8-9120-BD13FE855F01}.Release|Any CPU.ActiveCfg = Release|Any CPU
		{39FC0465-5C69-40B8-9120-BD13FE855F01}.Release|Any CPU.Build.0 = Release|Any CPU
		{367A1F2F-2C82-4546-AE57-D1FC55B2599F}.Debug|Any CPU.ActiveCfg = Debug|Any CPU
		{367A1F2F-2C82-4546-AE57-D1FC55B2599F}.Debug|Any CPU.Build.0 = Debug|Any CPU
		{367A1F2F-2C82-4546-AE57-D1FC55B2599F}.Release|Any CPU.ActiveCfg = Release|Any CPU
		{367A1F2F-2C82-4546-AE57-D1FC55B2599F}.Release|Any CPU.Build.0 = Release|Any CPU
		{08D72F59-211B-4AD3-A13F-44CC5F728B7A}.Debug|Any CPU.ActiveCfg = Debug|Any CPU
		{08D72F59-211B-4AD3-A13F-44CC5F728B7A}.Debug|Any CPU.Build.0 = Debug|Any CPU
		{08D72F59-211B-4AD3-A13F-44CC5F728B7A}.Release|Any CPU.ActiveCfg = Release|Any CPU
		{08D72F59-211B-4AD3-A13F-44CC5F728B7A}.Release|Any CPU.Build.0 = Release|Any CPU
	EndGlobalSection
	GlobalSection(SolutionProperties) = preSolution
		HideSolutionNode = FALSE
	EndGlobalSection
	GlobalSection(ExtensibilityGlobals) = postSolution
		SolutionGuid = {1D3EE8C8-9680-4A40-9816-14B860A79ACD}
	EndGlobalSection
EndGlobal
